// !$*UTF8*$!
{
	archiveVersion = 1;
	classes = {
	};
	objectVersion = 46;
	objects = {

/* Begin PBXBuildFile section */
		AEAF6BE81AEE34AB00F9799A /* main.m in Sources */ = {isa = PBXBuildFile; fileRef = AEAF6BE71AEE34AB00F9799A /* main.m */; };
		AEAF6BEB1AEE34AB00F9799A /* AppDelegate.m in Sources */ = {isa = PBXBuildFile; fileRef = AEAF6BEA1AEE34AB00F9799A /* AppDelegate.m */; };
		AEAF6BEE1AEE34AB00F9799A /* ViewController.m in Sources */ = {isa = PBXBuildFile; fileRef = AEAF6BED1AEE34AB00F9799A /* ViewController.m */; };
		AEAF6BF11AEE34AB00F9799A /* Main.storyboard in Resources */ = {isa = PBXBuildFile; fileRef = AEAF6BEF1AEE34AB00F9799A /* Main.storyboard */; };
		AEAF6BF31AEE34AB00F9799A /* Images.xcassets in Resources */ = {isa = PBXBuildFile; fileRef = AEAF6BF21AEE34AB00F9799A /* Images.xcassets */; };
		AEAF6BF61AEE34AB00F9799A /* LaunchScreen.xib in Resources */ = {isa = PBXBuildFile; fileRef = AEAF6BF41AEE34AB00F9799A /* LaunchScreen.xib */; };
		AEAF6C021AEE34AB00F9799A /* gitTestTests.m in Sources */ = {isa = PBXBuildFile; fileRef = AEAF6C011AEE34AB00F9799A /* gitTestTests.m */; };
		AEAF6C0D1AEE3D5500F9799A /* MapForItenerary.m in Sources */ = {isa = PBXBuildFile; fileRef = AEAF6C0C1AEE3D5500F9799A /* MapForItenerary.m */; };
/* End PBXBuildFile section */

/* Begin PBXContainerItemProxy section */
		AEAF6BFC1AEE34AB00F9799A /* PBXContainerItemProxy */ = {
			isa = PBXContainerItemProxy;
			containerPortal = AEAF6BDA1AEE34AB00F9799A /* Project object */;
			proxyType = 1;
			remoteGlobalIDString = AEAF6BE11AEE34AB00F9799A;
			remoteInfo = gitTest;
		};
/* End PBXContainerItemProxy section */

/* Begin PBXFileReference section */
		AEAF6BE21AEE34AB00F9799A /* gitTest.app */ = {isa = PBXFileReference; explicitFileType = wrapper.application; includeInIndex = 0; path = gitTest.app; sourceTree = BUILT_PRODUCTS_DIR; };
		AEAF6BE61AEE34AB00F9799A /* Info.plist */ = {isa = PBXFileReference; lastKnownFileType = text.plist.xml; path = Info.plist; sourceTree = "<group>"; };
		AEAF6BE71AEE34AB00F9799A /* main.m */ = {isa = PBXFileReference; lastKnownFileType = sourcecode.c.objc; path = main.m; sourceTree = "<group>"; };
		AEAF6BE91AEE34AB00F9799A /* AppDelegate.h */ = {isa = PBXFileReference; lastKnownFileType = sourcecode.c.h; path = AppDelegate.h; sourceTree = "<group>"; };
		AEAF6BEA1AEE34AB00F9799A /* AppDelegate.m */ = {isa = PBXFileReference; lastKnownFileType = sourcecode.c.objc; path = AppDelegate.m; sourceTree = "<group>"; };
		AEAF6BEC1AEE34AB00F9799A /* ViewController.h */ = {isa = PBXFileReference; lastKnownFileType = sourcecode.c.h; path = ViewController.h; sourceTree = "<group>"; };
		AEAF6BED1AEE34AB00F9799A /* ViewController.m */ = {isa = PBXFileReference; lastKnownFileType = sourcecode.c.objc; path = ViewController.m; sourceTree = "<group>"; };
		AEAF6BF01AEE34AB00F9799A /* Base */ = {isa = PBXFileReference; lastKnownFileType = file.storyboard; name = Base; path = Base.lproj/Main.storyboard; sourceTree = "<group>"; };
		AEAF6BF21AEE34AB00F9799A /* Images.xcassets */ = {isa = PBXFileReference; lastKnownFileType = folder.assetcatalog; path = Images.xcassets; sourceTree = "<group>"; };
		AEAF6BF51AEE34AB00F9799A /* Base */ = {isa = PBXFileReference; lastKnownFileType = file.xib; name = Base; path = Base.lproj/LaunchScreen.xib; sourceTree = "<group>"; };
		AEAF6BFB1AEE34AB00F9799A /* gitTestTests.xctest */ = {isa = PBXFileReference; explicitFileType = wrapper.cfbundle; includeInIndex = 0; path = gitTestTests.xctest; sourceTree = BUILT_PRODUCTS_DIR; };
		AEAF6C001AEE34AB00F9799A /* Info.plist */ = {isa = PBXFileReference; lastKnownFileType = text.plist.xml; path = Info.plist; sourceTree = "<group>"; };
		AEAF6C011AEE34AB00F9799A /* gitTestTests.m */ = {isa = PBXFileReference; lastKnownFileType = sourcecode.c.objc; path = gitTestTests.m; sourceTree = "<group>"; };
		AEAF6C0B1AEE3D5500F9799A /* MapForItenerary.h */ = {isa = PBXFileReference; fileEncoding = 4; lastKnownFileType = sourcecode.c.h; path = MapForItenerary.h; sourceTree = "<group>"; };
		AEAF6C0C1AEE3D5500F9799A /* MapForItenerary.m */ = {isa = PBXFileReference; fileEncoding = 4; lastKnownFileType = sourcecode.c.objc; path = MapForItenerary.m; sourceTree = "<group>"; };
/* End PBXFileReference section */

/* Begin PBXFrameworksBuildPhase section */
		AEAF6BDF1AEE34AB00F9799A /* Frameworks */ = {
			isa = PBXFrameworksBuildPhase;
			buildActionMask = 2147483647;
			files = (
			);
			runOnlyForDeploymentPostprocessing = 0;
		};
		AEAF6BF81AEE34AB00F9799A /* Frameworks */ = {
			isa = PBXFrameworksBuildPhase;
			buildActionMask = 2147483647;
			files = (
			);
			runOnlyForDeploymentPostprocessing = 0;
		};
/* End PBXFrameworksBuildPhase section */

/* Begin PBXGroup section */
		AEAF6BD91AEE34AB00F9799A = {
			isa = PBXGroup;
			children = (
				AEAF6BE41AEE34AB00F9799A /* gitTest */,
				AEAF6BFE1AEE34AB00F9799A /* gitTestTests */,
				AEAF6BE31AEE34AB00F9799A /* Products */,
			);
			sourceTree = "<group>";
		};
		AEAF6BE31AEE34AB00F9799A /* Products */ = {
			isa = PBXGroup;
			children = (
				AEAF6BE21AEE34AB00F9799A /* gitTest.app */,
				AEAF6BFB1AEE34AB00F9799A /* gitTestTests.xctest */,
			);
			name = Products;
			sourceTree = "<group>";
		};
		AEAF6BE41AEE34AB00F9799A /* gitTest */ = {
			isa = PBXGroup;
			children = (
				AEAF6BE91AEE34AB00F9799A /* AppDelegate.h */,
				AEAF6BEA1AEE34AB00F9799A /* AppDelegate.m */,
				AEAF6BEC1AEE34AB00F9799A /* ViewController.h */,
				AEAF6BED1AEE34AB00F9799A /* ViewController.m */,
				AEAF6C0B1AEE3D5500F9799A /* MapForItenerary.h */,
				AEAF6C0C1AEE3D5500F9799A /* MapForItenerary.m */,
				AEAF6BEF1AEE34AB00F9799A /* Main.storyboard */,
				AEAF6BF21AEE34AB00F9799A /* Images.xcassets */,
				AEAF6BF41AEE34AB00F9799A /* LaunchScreen.xib */,
				AEAF6BE51AEE34AB00F9799A /* Supporting Files */,
			);
			path = gitTest;
			sourceTree = "<group>";
		};
		AEAF6BE51AEE34AB00F9799A /* Supporting Files */ = {
			isa = PBXGroup;
			children = (
				AEAF6BE61AEE34AB00F9799A /* Info.plist */,
				AEAF6BE71AEE34AB00F9799A /* main.m */,
			);
			name = "Supporting Files";
			sourceTree = "<group>";
		};
		AEAF6BFE1AEE34AB00F9799A /* gitTestTests */ = {
			isa = PBXGroup;
			children = (
				AEAF6C011AEE34AB00F9799A /* gitTestTests.m */,
				AEAF6BFF1AEE34AB00F9799A /* Supporting Files */,
			);
			path = gitTestTests;
			sourceTree = "<group>";
		};
		AEAF6BFF1AEE34AB00F9799A /* Supporting Files */ = {
			isa = PBXGroup;
			children = (
				AEAF6C001AEE34AB00F9799A /* Info.plist */,
			);
			name = "Supporting Files";
			sourceTree = "<group>";
		};
/* End PBXGroup section */

/* Begin PBXNativeTarget section */
		AEAF6BE11AEE34AB00F9799A /* gitTest */ = {
			isa = PBXNativeTarget;
			buildConfigurationList = AEAF6C051AEE34AB00F9799A /* Build configuration list for PBXNativeTarget "gitTest" */;
			buildPhases = (
				AEAF6BDE1AEE34AB00F9799A /* Sources */,
				AEAF6BDF1AEE34AB00F9799A /* Frameworks */,
				AEAF6BE01AEE34AB00F9799A /* Resources */,
			);
			buildRules = (
			);
			dependencies = (
			);
			name = gitTest;
			productName = gitTest;
			productReference = AEAF6BE21AEE34AB00F9799A /* gitTest.app */;
			productType = "com.apple.product-type.application";
		};
		AEAF6BFA1AEE34AB00F9799A /* gitTestTests */ = {
			isa = PBXNativeTarget;
			buildConfigurationList = AEAF6C081AEE34AB00F9799A /* Build configuration list for PBXNativeTarget "gitTestTests" */;
			buildPhases = (
				AEAF6BF71AEE34AB00F9799A /* Sources */,
				AEAF6BF81AEE34AB00F9799A /* Frameworks */,
				AEAF6BF91AEE34AB00F9799A /* Resources */,
			);
			buildRules = (
			);
			dependencies = (
				AEAF6BFD1AEE34AB00F9799A /* PBXTargetDependency */,
			);
			name = gitTestTests;
			productName = gitTestTests;
			productReference = AEAF6BFB1AEE34AB00F9799A /* gitTestTests.xctest */;
			productType = "com.apple.product-type.bundle.unit-test";
		};
/* End PBXNativeTarget section */

/* Begin PBXProject section */
		AEAF6BDA1AEE34AB00F9799A /* Project object */ = {
			isa = PBXProject;
			attributes = {
				LastUpgradeCheck = 0610;
				ORGANIZATIONNAME = "Pradeep Chandrasekaran";
				TargetAttributes = {
					AEAF6BE11AEE34AB00F9799A = {
						CreatedOnToolsVersion = 6.1.1;
					};
					AEAF6BFA1AEE34AB00F9799A = {
						CreatedOnToolsVersion = 6.1.1;
						TestTargetID = AEAF6BE11AEE34AB00F9799A;
					};
				};
			};
			buildConfigurationList = AEAF6BDD1AEE34AB00F9799A /* Build configuration list for PBXProject "gitTest" */;
			compatibilityVersion = "Xcode 3.2";
			developmentRegion = English;
			hasScannedForEncodings = 0;
			knownRegions = (
				en,
				Base,
			);
			mainGroup = AEAF6BD91AEE34AB00F9799A;
			productRefGroup = AEAF6BE31AEE34AB00F9799A /* Products */;
			projectDirPath = "";
			projectRoot = "";
			targets = (
				AEAF6BE11AEE34AB00F9799A /* gitTest */,
				AEAF6BFA1AEE34AB00F9799A /* gitTestTests */,
			);
		};
/* End PBXProject section */

/* Begin PBXResourcesBuildPhase section */
		AEAF6BE01AEE34AB00F9799A /* Resources */ = {
			isa = PBXResourcesBuildPhase;
			buildActionMask = 2147483647;
			files = (
				AEAF6BF11AEE34AB00F9799A /* Main.storyboard in Resources */,
				AEAF6BF61AEE34AB00F9799A /* LaunchScreen.xib in Resources */,
				AEAF6BF31AEE34AB00F9799A /* Images.xcassets in Resources */,
			);
			runOnlyForDeploymentPostprocessing = 0;
		};
		AEAF6BF91AEE34AB00F9799A /* Resources */ = {
			isa = PBXResourcesBuildPhase;
			buildActionMask = 2147483647;
			files = (
			);
			runOnlyForDeploymentPostprocessing = 0;
		};
/* End PBXResourcesBuildPhase section */

/* Begin PBXSourcesBuildPhase section */
		AEAF6BDE1AEE34AB00F9799A /* Sources */ = {
			isa = PBXSourcesBuildPhase;
			buildActionMask = 2147483647;
			files = (
				AEAF6C0D1AEE3D5500F9799A /* MapForItenerary.m in Sources */,
				AEAF6BEE1AEE34AB00F9799A /* ViewController.m in Sources */,
				AEAF6BEB1AEE34AB00F9799A /* AppDelegate.m in Sources */,
				AEAF6BE81AEE34AB00F9799A /* main.m in Sources */,
			);
			runOnlyForDeploymentPostprocessing = 0;
		};
		AEAF6BF71AEE34AB00F9799A /* Sources */ = {
			isa = PBXSourcesBuildPhase;
			buildActionMask = 2147483647;
			files = (
				AEAF6C021AEE34AB00F9799A /* gitTestTests.m in Sources */,
			);
			runOnlyForDeploymentPostprocessing = 0;
		};
/* End PBXSourcesBuildPhase section */

/* Begin PBXTargetDependency section */
		AEAF6BFD1AEE34AB00F9799A /* PBXTargetDependency */ = {
			isa = PBXTargetDependency;
			target = AEAF6BE11AEE34AB00F9799A /* gitTest */;
			targetProxy = AEAF6BFC1AEE34AB00F9799A /* PBXContainerItemProxy */;
		};
/* End PBXTargetDependency section */

/* Begin PBXVariantGroup section */
		AEAF6BEF1AEE34AB00F9799A /* Main.storyboard */ = {
			isa = PBXVariantGroup;
			children = (
				AEAF6BF01AEE34AB00F9799A /* Base */,
			);
			name = Main.storyboard;
			sourceTree = "<group>";
		};
		AEAF6BF41AEE34AB00F9799A /* LaunchScreen.xib */ = {
			isa = PBXVariantGroup;
			children = (
				AEAF6BF51AEE34AB00F9799A /* Base */,
			);
			name = LaunchScreen.xib;
			sourceTree = "<group>";
		};
/* End PBXVariantGroup section */

/* Begin XCBuildConfiguration section */
		AEAF6C031AEE34AB00F9799A /* Debug */ = {
			isa = XCBuildConfiguration;
			buildSettings = {
				ALWAYS_SEARCH_USER_PATHS = NO;
				CLANG_CXX_LANGUAGE_STANDARD = "gnu++0x";
				CLANG_CXX_LIBRARY = "libc++";
				CLANG_ENABLE_MODULES = YES;
				CLANG_ENABLE_OBJC_ARC = YES;
				CLANG_WARN_BOOL_CONVERSION = YES;
				CLANG_WARN_CONSTANT_CONVERSION = YES;
				CLANG_WARN_DIRECT_OBJC_ISA_USAGE = YES_ERROR;
				CLANG_WARN_EMPTY_BODY = YES;
				CLANG_WARN_ENUM_CONVERSION = YES;
				CLANG_WARN_INT_CONVERSION = YES;
				CLANG_WARN_OBJC_ROOT_CLASS = YES_ERROR;
				CLANG_WARN_UNREACHABLE_CODE = YES;
				CLANG_WARN__DUPLICATE_METHOD_MATCH = YES;
				"CODE_SIGN_IDENTITY[sdk=iphoneos*]" = "iPhone Developer";
				COPY_PHASE_STRIP = NO;
				ENABLE_STRICT_OBJC_MSGSEND = YES;
				GCC_C_LANGUAGE_STANDARD = gnu99;
				GCC_DYNAMIC_NO_PIC = NO;
				GCC_OPTIMIZATION_LEVEL = 0;
				GCC_PREPROCESSOR_DEFINITIONS = (
					"DEBUG=1",
					"$(inherited)",
				);
				GCC_SYMBOLS_PRIVATE_EXTERN = NO;
				GCC_WARN_64_TO_32_BIT_CONVERSION = YES;
				GCC_WARN_ABOUT_RETURN_TYPE = YES_ERROR;
				GCC_WARN_UNDECLARED_SELECTOR = YES;
				GCC_WARN_UNINITIALIZED_AUTOS = YES_AGGRESSIVE;
				GCC_WARN_UNUSED_FUNCTION = YES;
				GCC_WARN_UNUSED_VARIABLE = YES;
				IPHONEOS_DEPLOYMENT_TARGET = 8.1;
				MTL_ENABLE_DEBUG_INFO = YES;
				ONLY_ACTIVE_ARCH = YES;
				SDKROOT = iphoneos;
				TARGETED_DEVICE_FAMILY = "1,2";
			};
			name = Debug;
		};
		AEAF6C041AEE34AB00F9799A /* Release */ = {
			isa = XCBuildConfiguration;
			buildSettings = {
				ALWAYS_SEARCH_USER_PATHS = NO;
				CLANG_CXX_LANGUAGE_STANDARD = "gnu++0x";
				CLANG_CXX_LIBRARY = "libc++";
				CLANG_ENABLE_MODULES = YES;
				CLANG_ENABLE_OBJC_ARC = YES;
				CLANG_WARN_BOOL_CONVERSION = YES;
				CLANG_WARN_CONSTANT_CONVERSION = YES;
				CLANG_WARN_DIRECT_OBJC_ISA_USAGE = YES_ERROR;
				CLANG_WARN_EMPTY_BODY = YES;
				CLANG_WARN_ENUM_CONVERSION = YES;
				CLANG_WARN_INT_CONVERSION = YES;
				CLANG_WARN_OBJC_ROOT_CLASS = YES_ERROR;
				CLANG_WARN_UNREACHABLE_CODE = YES;
				CLANG_WARN__DUPLICATE_METHOD_MATCH = YES;
				"CODE_SIGN_IDENTITY[sdk=iphoneos*]" = "iPhone Developer";
				COPY_PHASE_STRIP = YES;
				ENABLE_NS_ASSERTIONS = NO;
				ENABLE_STRICT_OBJC_MSGSEND = YES;
				GCC_C_LANGUAGE_STANDARD = gnu99;
				GCC_WARN_64_TO_32_BIT_CONVERSION = YES;
				GCC_WARN_ABOUT_RETURN_TYPE = YES_ERROR;
				GCC_WARN_UNDECLARED_SELECTOR = YES;
				GCC_WARN_UNINITIALIZED_AUTOS = YES_AGGRESSIVE;
				GCC_WARN_UNUSED_FUNCTION = YES;
				GCC_WARN_UNUSED_VARIABLE = YES;
				IPHONEOS_DEPLOYMENT_TARGET = 8.1;
				MTL_ENABLE_DEBUG_INFO = NO;
				SDKROOT = iphoneos;
				TARGETED_DEVICE_FAMILY = "1,2";
				VALIDATE_PRODUCT = YES;
			};
			name = Release;
		};
		AEAF6C061AEE34AB00F9799A /* Debug */ = {
			isa = XCBuildConfiguration;
			buildSettings = {
				ASSETCATALOG_COMPILER_APPICON_NAME = AppIcon;
				INFOPLIST_FILE = gitTest/Info.plist;
				LD_RUNPATH_SEARCH_PATHS = "$(inherited) @executable_path/Frameworks";
				PRODUCT_NAME = "$(TARGET_NAME)";
			};
			name = Debug;
		};
		AEAF6C071AEE34AB00F9799A /* Release */ = {
			isa = XCBuildConfiguration;
			buildSettings = {
				ASSETCATALOG_COMPILER_APPICON_NAME = AppIcon;
				INFOPLIST_FILE = gitTest/Info.plist;
				LD_RUNPATH_SEARCH_PATHS = "$(inherited) @executable_path/Frameworks";
				PRODUCT_NAME = "$(TARGET_NAME)";
			};
			name = Release;
		};
		AEAF6C091AEE34AB00F9799A /* Debug */ = {
			isa = XCBuildConfiguration;
			buildSettings = {
				BUNDLE_LOADER = "$(TEST_HOST)";
				FRAMEWORK_SEARCH_PATHS = (
					"$(SDKROOT)/Developer/Library/Frameworks",
					"$(inherited)",
				);
				GCC_PREPROCESSOR_DEFINITIONS = (
					"DEBUG=1",
					"$(inherited)",
				);
				INFOPLIST_FILE = gitTestTests/Info.plist;
				LD_RUNPATH_SEARCH_PATHS = "$(inherited) @executable_path/Frameworks @loader_path/Frameworks";
				PRODUCT_NAME = "$(TARGET_NAME)";
				TEST_HOST = "$(BUILT_PRODUCTS_DIR)/gitTest.app/gitTest";
			};
			name = Debug;
		};
		AEAF6C0A1AEE34AB00F9799A /* Release */ = {
			isa = XCBuildConfiguration;
			buildSettings = {
				BUNDLE_LOADER = "$(TEST_HOST)";
				FRAMEWORK_SEARCH_PATHS = (
					"$(SDKROOT)/Developer/Library/Frameworks",
					"$(inherited)",
				);
				INFOPLIST_FILE = gitTestTests/Info.plist;
				LD_RUNPATH_SEARCH_PATHS = "$(inherited) @executable_path/Frameworks @loader_path/Frameworks";
				PRODUCT_NAME = "$(TARGET_NAME)";
				TEST_HOST = "$(BUILT_PRODUCTS_DIR)/gitTest.app/gitTest";
			};
			name = Release;
		};
/* End XCBuildConfiguration section */

/* Begin XCConfigurationList section */
		AEAF6BDD1AEE34AB00F9799A /* Build configuration list for PBXProject "gitTest" */ = {
			isa = XCConfigurationList;
			buildConfigurations = (
				AEAF6C031AEE34AB00F9799A /* Debug */,
				AEAF6C041AEE34AB00F9799A /* Release */,
			);
			defaultConfigurationIsVisible = 0;
			defaultConfigurationName = Release;
		};
		AEAF6C051AEE34AB00F9799A /* Build configuration list for PBXNativeTarget "gitTest" */ = {
			isa = XCConfigurationList;
			buildConfigurations = (
				AEAF6C061AEE34AB00F9799A /* Debug */,
				AEAF6C071AEE34AB00F9799A /* Release */,
			);
			defaultConfigurationIsVisible = 0;
		};
		AEAF6C081AEE34AB00F9799A /* Build configuration list for PBXNativeTarget "gitTestTests" */ = {
			isa = XCConfigurationList;
			buildConfigurations = (
				AEAF6C091AEE34AB00F9799A /* Debug */,
				AEAF6C0A1AEE34AB00F9799A /* Release */,
			);
			defaultConfigurationIsVisible = 0;
		};
/* End XCConfigurationList section */
	};
	rootObject = AEAF6BDA1AEE34AB00F9799A /* Project object */;
}
